<?xml version="1.0" encoding="utf-8"?>
<Project ToolsVersion="4.0" xmlns="http://schemas.microsoft.com/developer/msbuild/2003">
  <ItemGroup>
    <Filter Include="Source Files">
      <UniqueIdentifier>{4FC737F1-C7A5-4376-A066-2A32D752A2FF}</UniqueIdentifier>
      <Extensions>cpp;c;cc;cxx;c++;def;odl;idl;hpj;bat;asm;asmx</Extensions>
    </Filter>
    <Filter Include="Header Files">
      <UniqueIdentifier>{93995380-89BD-4b04-88EB-625FBE52EBFB}</UniqueIdentifier>
      <Extensions>h;hh;hpp;hxx;h++;hm;inl;inc;ipp;xsd</Extensions>
    </Filter>
    <Filter Include="Resource Files">
      <UniqueIdentifier>{67DA6AB6-F800-4c08-8B7A-83BB121AAD01}</UniqueIdentifier>
      <Extensions>rc;ico;cur;bmp;dlg;rc2;rct;bin;rgs;gif;jpg;jpeg;jpe;resx;tiff;tif;png;wav;mfcribbon-ms</Extensions>
    </Filter>
    <Filter Include="Source Files\engine">
      <UniqueIdentifier>{e218019e-f5c1-4322-80a7-4e1f2ab13bfe}</UniqueIdentifier>
    </Filter>
    <Filter Include="Header Files\engine">
      <UniqueIdentifier>{9d5e816c-4aae-4d53-be99-d904759f469f}</UniqueIdentifier>
    </Filter>
    <Filter Include="Header Files\engine\shaders">
      <UniqueIdentifier>{41cd7775-5b90-4c45-8cba-261affba4d93}</UniqueIdentifier>
    </Filter>
    <Filter Include="Header Files\engine\Utils">
      <UniqueIdentifier>{7e576151-b864-48d5-a249-c7f6595ef5a6}</UniqueIdentifier>
    </Filter>
    <Filter Include="Source Files\engine\shaders">
      <UniqueIdentifier>{bd750000-5795-4f73-942d-61c601643cda}</UniqueIdentifier>
    </Filter>
    <Filter Include="Source Files\engine\Utils">
      <UniqueIdentifier>{f0540065-271f-412d-8b6c-433e5298a0db}</UniqueIdentifier>
    </Filter>
    <Filter Include="Header Files\engine\objects">
      <UniqueIdentifier>{82335824-d427-4949-b6f9-6bd7c0c425b8}</UniqueIdentifier>
    </Filter>
    <Filter Include="libs">
      <UniqueIdentifier>{21f7aee9-d77d-4685-a8e2-9b4c4bbb1cd5}</UniqueIdentifier>
    </Filter>
    <Filter Include="Header Files\engine\camera">
      <UniqueIdentifier>{bca89f29-064c-4c73-858f-2d4421ca6d77}</UniqueIdentifier>
    </Filter>
    <Filter Include="Header Files\engine\lights">
      <UniqueIdentifier>{b437478e-da25-481d-8100-959cf6116418}</UniqueIdentifier>
    </Filter>
  </ItemGroup>
  <ItemGroup>
    <ClCompile Include="..\libs\glad\src\gl.c">
      <Filter>Source Files</Filter>
    </ClCompile>
    <ClCompile Include="engine\Window.cpp">
      <Filter>Source Files\engine</Filter>
    </ClCompile>
    <ClCompile Include="engine\Engine.cpp">
      <Filter>Source Files\engine</Filter>
    </ClCompile>
    <ClCompile Include="engine\shaders\ShaderProgram.cpp">
      <Filter>Source Files\engine\shaders</Filter>
    </ClCompile>
    <ClCompile Include="engine\Utils\Utility.cpp">
      <Filter>Source Files\engine\Utils</Filter>
    </ClCompile>
    <ClCompile Include="engine\shaders\LightShader.cpp">
      <Filter>Source Files\engine\shaders</Filter>
    </ClCompile>
    <ClCompile Include="engine\graphics\Texture.cpp">
      <Filter>Source Files\engine</Filter>
    </ClCompile>
  </ItemGroup>
  <ItemGroup>
    <ClInclude Include="engine\Window.h">
      <Filter>Header Files\engine</Filter>
    </ClInclude>
    <ClInclude Include="engine\Engine.h">
      <Filter>Header Files\engine</Filter>
    </ClInclude>
    <ClInclude Include="IGame.h">
      <Filter>Header Files\engine</Filter>
    </ClInclude>
    <ClInclude Include="engine\Utils\Utility.h">
      <Filter>Header Files\engine\Utils</Filter>
    </ClInclude>
    <ClInclude Include="engine\shaders\ShaderProgram.h">
      <Filter>Header Files\engine\shaders</Filter>
    </ClInclude>
    <ClInclude Include="FrameBuffer.h">
      <Filter>Header Files\engine</Filter>
    </ClInclude>
    <ClInclude Include="Input.h">
      <Filter>Header Files\engine</Filter>
    </ClInclude>
    <ClInclude Include="engine\camera\Camera.h">
      <Filter>Header Files\engine\camera</Filter>
    </ClInclude>
    <ClInclude Include="engine\camera\FirstPersonCamera.h">
      <Filter>Header Files\engine\camera</Filter>
    </ClInclude>
    <ClInclude Include="engine\camera\PerspectiveCamera.h">
      <Filter>Header Files\engine\camera</Filter>
    </ClInclude>
    <ClInclude Include="engine\shaders\LightShader.h">
      <Filter>Header Files\engine\shaders</Filter>
    </ClInclude>
    <ClInclude Include="engine\graphics\Texture.h">
      <Filter>Header Files\engine</Filter>
    </ClInclude>
    <ClInclude Include="engine\graphics\Lights.h">
      <Filter>Header Files\engine\lights</Filter>
    </ClInclude>
  </ItemGroup>
</Project>